
Microsoft Visual Studio Solution File, Format Version 12.00
# Visual Studio Version 16
VisualStudioVersion = 16.0.33130.400
MinimumVisualStudioVersion = 10.0.40219.1
Project("{888888A0-9F3D-457C-B088-3A5042F75D52}") = "study01", "study01\study01.pyproj", "{FE713901-6351-4270-8BC4-C950FD028B53}"
EndProject
Global
	GlobalSection(SolutionConfigurationPlatforms) = preSolution
		Debug|Any CPU = Debug|Any CPU
		Release|Any CPU = Release|Any CPU
	EndGlobalSection
	GlobalSection(ProjectConfigurationPlatforms) = postSolution
		{FE713901-6351-4270-8BC4-C950FD028B53}.Debug|Any CPU.ActiveCfg = Debug|Any CPU
		{FE713901-6351-4270-8BC4-C950FD028B53}.Release|Any CPU.ActiveCfg = Release|Any CPU
	EndGlobalSection
	GlobalSection(SolutionProperties) = preSolution
		HideSolutionNode = FALSE
	EndGlobalSection
	GlobalSection(ExtensibilityGlobals) = postSolution
		SolutionGuid = {48B58432-B6A3-4FE1-BBC3-EA65BCF8CD8D}
	EndGlobalSection
EndGlobal
